
Microsoft Visual Studio Solution File, Format Version 12.00
Project("{FAE04EC0-301F-11D3-BF4B-00C04F79EFBC}") = "GrpcService1", "GrpcService1\GrpcService1.csproj", "{79778C54-A951-44CC-8374-6ADA1594A546}"
EndProject
Project("{FAE04EC0-301F-11D3-BF4B-00C04F79EFBC}") = "GrpService1Client", "GrpService1Client\GrpService1Client.csproj", "{341A7788-3B2E-455E-BC72-C5223DC68D07}"
EndProject
Global
	GlobalSection(SolutionConfigurationPlatforms) = preSolution
		Debug|Any CPU = Debug|Any CPU
		Release|Any CPU = Release|Any CPU
	EndGlobalSection
	GlobalSection(ProjectConfigurationPlatforms) = postSolution
		{79778C54-A951-44CC-8374-6ADA1594A546}.Debug|Any CPU.ActiveCfg = Debug|Any CPU
		{79778C54-A951-44CC-8374-6ADA1594A546}.Debug|Any CPU.Build.0 = Debug|Any CPU
		{79778C54-A951-44CC-8374-6ADA1594A546}.Release|Any CPU.ActiveCfg = Release|Any CPU
		{79778C54-A951-44CC-8374-6ADA1594A546}.Release|Any CPU.Build.0 = Release|Any CPU
		{341A7788-3B2E-455E-BC72-C5223DC68D07}.Debug|Any CPU.ActiveCfg = Debug|Any CPU
		{341A7788-3B2E-455E-BC72-C5223DC68D07}.Debug|Any CPU.Build.0 = Debug|Any CPU
		{341A7788-3B2E-455E-BC72-C5223DC68D07}.Release|Any CPU.ActiveCfg = Release|Any CPU
		{341A7788-3B2E-455E-BC72-C5223DC68D07}.Release|Any CPU.Build.0 = Release|Any CPU
	EndGlobalSection
EndGlobal
